
Microsoft Visual Studio Solution File, Format Version 12.00
# Visual Studio Version 17
VisualStudioVersion = 17.5.33530.505
MinimumVisualStudioVersion = 10.0.40219.1
Project("{FAE04EC0-301F-11D3-BF4B-00C04F79EFBC}") = "fallguyloadrs6", "fallguyloadrs6\fallguyloadrs6.csproj", "{36489ED2-2C64-4519-94D0-7456553E4E68}"
EndProject
Global
	GlobalSection(SolutionConfigurationPlatforms) = preSolution
		Debug|Any CPU = Debug|Any CPU
		Release|Any CPU = Release|Any CPU
	EndGlobalSection
	GlobalSection(ProjectConfigurationPlatforms) = postSolution
		{36489ED2-2C64-4519-94D0-7456553E4E68}.Debug|Any CPU.ActiveCfg = Debug|Any CPU
		{36489ED2-2C64-4519-94D0-7456553E4E68}.Debug|Any CPU.Build.0 = Debug|Any CPU
		{36489ED2-2C64-4519-94D0-7456553E4E68}.Release|Any CPU.ActiveCfg = Release|Any CPU
		{36489ED2-2C64-4519-94D0-7456553E4E68}.Release|Any CPU.Build.0 = Release|Any CPU
	EndGlobalSection
	GlobalSection(SolutionProperties) = preSolution
		HideSolutionNode = FALSE
	EndGlobalSection
	GlobalSection(ExtensibilityGlobals) = postSolution
		SolutionGuid = {D0F4ADD3-AE73-4475-B073-49E10F34EBD4}
	EndGlobalSection
EndGlobal
